Microsoft Visual Studio Solution File, Format Version 11.00
# Visual Studio 2010
Project("{FAE04EC0-301F-11D3-BF4B-00C04F79EFBC}") = "NUnitAsp", "source\NUnitAsp\NUnitAsp.csproj", "{18E46492-3A7D-4BCC-88D2-2B598D955348}"
EndProject
Project("{FAE04EC0-301F-11D3-BF4B-00C04F79EFBC}") = "NUnitAspTest", "source\NUnitAspTest\NUnitAspTest.csproj", "{9B344403-AB76-4420-BA97-115A147F7B7D}"
EndProject
Project("{FAE04EC0-301F-11D3-BF4B-00C04F79EFBC}") = "NUnitAspTestPagesv2", "source\NUnitAspTestPages\NUnitAspTestPagesv2.csproj", "{735DDC63-C41C-4C5D-8F77-253234B2882B}"
EndProject
Global
	GlobalSection(SolutionConfigurationPlatforms) = preSolution
		Clientele Package|Any CPU = Clientele Package|Any CPU
		Debug|Any CPU = Debug|Any CPU
		Release|Any CPU = Release|Any CPU
	EndGlobalSection
	GlobalSection(ProjectConfigurationPlatforms) = postSolution
		{18E46492-3A7D-4BCC-88D2-2B598D955348}.Clientele Package|Any CPU.ActiveCfg = Clientele Package|Any CPU
		{18E46492-3A7D-4BCC-88D2-2B598D955348}.Clientele Package|Any CPU.Build.0 = Clientele Package|Any CPU
		{18E46492-3A7D-4BCC-88D2-2B598D955348}.Debug|Any CPU.ActiveCfg = Debug|Any CPU
		{18E46492-3A7D-4BCC-88D2-2B598D955348}.Debug|Any CPU.Build.0 = Debug|Any CPU
		{18E46492-3A7D-4BCC-88D2-2B598D955348}.Release|Any CPU.ActiveCfg = Release|Any CPU
		{9B344403-AB76-4420-BA97-115A147F7B7D}.Clientele Package|Any CPU.ActiveCfg = Release|Any CPU
		{9B344403-AB76-4420-BA97-115A147F7B7D}.Clientele Package|Any CPU.Build.0 = Release|Any CPU
		{9B344403-AB76-4420-BA97-115A147F7B7D}.Debug|Any CPU.ActiveCfg = Debug|Any CPU
		{9B344403-AB76-4420-BA97-115A147F7B7D}.Debug|Any CPU.Build.0 = Debug|Any CPU
		{9B344403-AB76-4420-BA97-115A147F7B7D}.Release|Any CPU.ActiveCfg = Release|Any CPU
		{9B344403-AB76-4420-BA97-115A147F7B7D}.Release|Any CPU.Build.0 = Release|Any CPU
		{735DDC63-C41C-4C5D-8F77-253234B2882B}.Clientele Package|Any CPU.ActiveCfg = Release|Any CPU
		{735DDC63-C41C-4C5D-8F77-253234B2882B}.Clientele Package|Any CPU.Build.0 = Release|Any CPU
		{735DDC63-C41C-4C5D-8F77-253234B2882B}.Debug|Any CPU.ActiveCfg = Debug|Any CPU
		{735DDC63-C41C-4C5D-8F77-253234B2882B}.Debug|Any CPU.Build.0 = Debug|Any CPU
		{735DDC63-C41C-4C5D-8F77-253234B2882B}.Release|Any CPU.ActiveCfg = Release|Any CPU
		{735DDC63-C41C-4C5D-8F77-253234B2882B}.Release|Any CPU.Build.0 = Release|Any CPU
	EndGlobalSection
	GlobalSection(SolutionProperties) = preSolution
		HideSolutionNode = FALSE
	EndGlobalSection
EndGlobal
